// !$*UTF8*$!
{
	archiveVersion = 1;
	classes = {
	};
	objectVersion = 50;
	objects = {

/* Begin PBXBuildFile section */
		531AF70DE450441D124E3732 /* Pods_GithubUsersStars.framework in Frameworks */ = {isa = PBXBuildFile; fileRef = 57B0F46E64596ADB5C0C549F /* Pods_GithubUsersStars.framework */; };
		58520FB92367BA8F00BCDB4C /* StarredUsersTableViewControllerSpecs.swift in Sources */ = {isa = PBXBuildFile; fileRef = 58520FB82367BA8F00BCDB4C /* StarredUsersTableViewControllerSpecs.swift */; };
		588C4D03236691200034CF0F /* AppDelegate.swift in Sources */ = {isa = PBXBuildFile; fileRef = 588C4D02236691200034CF0F /* AppDelegate.swift */; };
		588C4D05236691200034CF0F /* SceneDelegate.swift in Sources */ = {isa = PBXBuildFile; fileRef = 588C4D04236691200034CF0F /* SceneDelegate.swift */; };
		588C4D0C236691200034CF0F /* Assets.xcassets in Resources */ = {isa = PBXBuildFile; fileRef = 588C4D0B236691200034CF0F /* Assets.xcassets */; };
		588C4D0F236691200034CF0F /* LaunchScreen.storyboard in Resources */ = {isa = PBXBuildFile; fileRef = 588C4D0D236691200034CF0F /* LaunchScreen.storyboard */; };
		588C4D252366914A0034CF0F /* User.swift in Sources */ = {isa = PBXBuildFile; fileRef = 588C4D242366914A0034CF0F /* User.swift */; };
		588C4D28236691A00034CF0F /* StarredUsersTableViewController.swift in Sources */ = {isa = PBXBuildFile; fileRef = 588C4D27236691A00034CF0F /* StarredUsersTableViewController.swift */; };
		588C4D2B236691D40034CF0F /* StarredUsersPresenter.swift in Sources */ = {isa = PBXBuildFile; fileRef = 588C4D2A236691D40034CF0F /* StarredUsersPresenter.swift */; };
		588C4D2F236691FE0034CF0F /* StarredUsersInteractor.swift in Sources */ = {isa = PBXBuildFile; fileRef = 588C4D2E236691FE0034CF0F /* StarredUsersInteractor.swift */; };
		588C4D32236692140034CF0F /* StarredUsersWorker.swift in Sources */ = {isa = PBXBuildFile; fileRef = 588C4D31236692140034CF0F /* StarredUsersWorker.swift */; };
		588C4D352366922D0034CF0F /* API.swift in Sources */ = {isa = PBXBuildFile; fileRef = 588C4D342366922D0034CF0F /* API.swift */; };
		588C4D39236692530034CF0F /* Endpoint.swift in Sources */ = {isa = PBXBuildFile; fileRef = 588C4D38236692530034CF0F /* Endpoint.swift */; };
		588C4D3E236693170034CF0F /* UIImageView+Extension.swift in Sources */ = {isa = PBXBuildFile; fileRef = 588C4D3D236693170034CF0F /* UIImageView+Extension.swift */; };
		589E3C0F2367C7A500AF0C06 /* Users.json in Resources */ = {isa = PBXBuildFile; fileRef = 589E3C0E2367C7A500AF0C06 /* Users.json */; };
		589E3C102367C86F00AF0C06 /* Users.json in Resources */ = {isa = PBXBuildFile; fileRef = 589E3C0E2367C7A500AF0C06 /* Users.json */; };
		B9A9BEA65739A21D9AB07DB6 /* Pods_GithubUsersStarsTests.framework in Frameworks */ = {isa = PBXBuildFile; fileRef = BB9690F7C68AF95F9555E4EB /* Pods_GithubUsersStarsTests.framework */; };
/* End PBXBuildFile section */

/* Begin PBXContainerItemProxy section */
		588C4D16236691210034CF0F /* PBXContainerItemProxy */ = {
			isa = PBXContainerItemProxy;
			containerPortal = 588C4CF7236691200034CF0F /* Project object */;
			proxyType = 1;
			remoteGlobalIDString = 588C4CFE236691200034CF0F;
			remoteInfo = GithubUsersStars;
		};
/* End PBXContainerItemProxy section */

/* Begin PBXFileReference section */
		57B0F46E64596ADB5C0C549F /* Pods_GithubUsersStars.framework */ = {isa = PBXFileReference; explicitFileType = wrapper.framework; includeInIndex = 0; path = Pods_GithubUsersStars.framework; sourceTree = BUILT_PRODUCTS_DIR; };
		58520FB82367BA8F00BCDB4C /* StarredUsersTableViewControllerSpecs.swift */ = {isa = PBXFileReference; lastKnownFileType = sourcecode.swift; path = StarredUsersTableViewControllerSpecs.swift; sourceTree = "<group>"; };
		588C4CFF236691200034CF0F /* GithubUsersStars.app */ = {isa = PBXFileReference; explicitFileType = wrapper.application; includeInIndex = 0; path = GithubUsersStars.app; sourceTree = BUILT_PRODUCTS_DIR; };
		588C4D02236691200034CF0F /* AppDelegate.swift */ = {isa = PBXFileReference; lastKnownFileType = sourcecode.swift; path = AppDelegate.swift; sourceTree = "<group>"; };
		588C4D04236691200034CF0F /* SceneDelegate.swift */ = {isa = PBXFileReference; lastKnownFileType = sourcecode.swift; path = SceneDelegate.swift; sourceTree = "<group>"; };
		588C4D0B236691200034CF0F /* Assets.xcassets */ = {isa = PBXFileReference; lastKnownFileType = folder.assetcatalog; path = Assets.xcassets; sourceTree = "<group>"; };
		588C4D0E236691200034CF0F /* Base */ = {isa = PBXFileReference; lastKnownFileType = file.storyboard; name = Base; path = Base.lproj/LaunchScreen.storyboard; sourceTree = "<group>"; };
		588C4D10236691200034CF0F /* Info.plist */ = {isa = PBXFileReference; lastKnownFileType = text.plist.xml; path = Info.plist; sourceTree = "<group>"; };
		588C4D15236691210034CF0F /* GithubUsersStarsTests.xctest */ = {isa = PBXFileReference; explicitFileType = wrapper.cfbundle; includeInIndex = 0; path = GithubUsersStarsTests.xctest; sourceTree = BUILT_PRODUCTS_DIR; };
		588C4D1B236691210034CF0F /* Info.plist */ = {isa = PBXFileReference; lastKnownFileType = text.plist.xml; path = Info.plist; sourceTree = "<group>"; };
		588C4D242366914A0034CF0F /* User.swift */ = {isa = PBXFileReference; lastKnownFileType = sourcecode.swift; path = User.swift; sourceTree = "<group>"; };
		588C4D27236691A00034CF0F /* StarredUsersTableViewController.swift */ = {isa = PBXFileReference; lastKnownFileType = sourcecode.swift; path = StarredUsersTableViewController.swift; sourceTree = "<group>"; };
		588C4D2A236691D40034CF0F /* StarredUsersPresenter.swift */ = {isa = PBXFileReference; lastKnownFileType = sourcecode.swift; path = StarredUsersPresenter.swift; sourceTree = "<group>"; };
		588C4D2E236691FE0034CF0F /* StarredUsersInteractor.swift */ = {isa = PBXFileReference; lastKnownFileType = sourcecode.swift; path = StarredUsersInteractor.swift; sourceTree = "<group>"; };
		588C4D31236692140034CF0F /* StarredUsersWorker.swift */ = {isa = PBXFileReference; lastKnownFileType = sourcecode.swift; path = StarredUsersWorker.swift; sourceTree = "<group>"; };
		588C4D342366922D0034CF0F /* API.swift */ = {isa = PBXFileReference; lastKnownFileType = sourcecode.swift; path = API.swift; sourceTree = "<group>"; };
		588C4D38236692530034CF0F /* Endpoint.swift */ = {isa = PBXFileReference; lastKnownFileType = sourcecode.swift; path = Endpoint.swift; sourceTree = "<group>"; };
		588C4D3D236693170034CF0F /* UIImageView+Extension.swift */ = {isa = PBXFileReference; lastKnownFileType = sourcecode.swift; path = "UIImageView+Extension.swift"; sourceTree = "<group>"; };
		589E3C0E2367C7A500AF0C06 /* Users.json */ = {isa = PBXFileReference; lastKnownFileType = text.json; path = Users.json; sourceTree = "<group>"; };
		965E913D377F3CC910424CF6 /* Pods-GithubUsersStarsTests.release.xcconfig */ = {isa = PBXFileReference; includeInIndex = 1; lastKnownFileType = text.xcconfig; name = "Pods-GithubUsersStarsTests.release.xcconfig"; path = "Pods/Target Support Files/Pods-GithubUsersStarsTests/Pods-GithubUsersStarsTests.release.xcconfig"; sourceTree = "<group>"; };
		A36D7894C6C49FF8A9E29910 /* Pods-GithubUsersStars.release.xcconfig */ = {isa = PBXFileReference; includeInIndex = 1; lastKnownFileType = text.xcconfig; name = "Pods-GithubUsersStars.release.xcconfig"; path = "Pods/Target Support Files/Pods-GithubUsersStars/Pods-GithubUsersStars.release.xcconfig"; sourceTree = "<group>"; };
		BB9690F7C68AF95F9555E4EB /* Pods_GithubUsersStarsTests.framework */ = {isa = PBXFileReference; explicitFileType = wrapper.framework; includeInIndex = 0; path = Pods_GithubUsersStarsTests.framework; sourceTree = BUILT_PRODUCTS_DIR; };
		BFAAEFB63B090B6CFD1A1DB9 /* Pods-GithubUsersStars.debug.xcconfig */ = {isa = PBXFileReference; includeInIndex = 1; lastKnownFileType = text.xcconfig; name = "Pods-GithubUsersStars.debug.xcconfig"; path = "Pods/Target Support Files/Pods-GithubUsersStars/Pods-GithubUsersStars.debug.xcconfig"; sourceTree = "<group>"; };
		C13171FCF5F15BBD07B824E7 /* Pods-GithubUsersStarsTests.debug.xcconfig */ = {isa = PBXFileReference; includeInIndex = 1; lastKnownFileType = text.xcconfig; name = "Pods-GithubUsersStarsTests.debug.xcconfig"; path = "Pods/Target Support Files/Pods-GithubUsersStarsTests/Pods-GithubUsersStarsTests.debug.xcconfig"; sourceTree = "<group>"; };
/* End PBXFileReference section */

/* Begin PBXFrameworksBuildPhase section */
		588C4CFC236691200034CF0F /* Frameworks */ = {
			isa = PBXFrameworksBuildPhase;
			buildActionMask = 2147483647;
			files = (
				531AF70DE450441D124E3732 /* Pods_GithubUsersStars.framework in Frameworks */,
			);
			runOnlyForDeploymentPostprocessing = 0;
		};
		588C4D12236691210034CF0F /* Frameworks */ = {
			isa = PBXFrameworksBuildPhase;
			buildActionMask = 2147483647;
			files = (
				B9A9BEA65739A21D9AB07DB6 /* Pods_GithubUsersStarsTests.framework in Frameworks */,
			);
			runOnlyForDeploymentPostprocessing = 0;
		};
/* End PBXFrameworksBuildPhase section */

/* Begin PBXGroup section */
		314D17F6E8B982A331FBF8CA /* Frameworks */ = {
			isa = PBXGroup;
			children = (
				57B0F46E64596ADB5C0C549F /* Pods_GithubUsersStars.framework */,
				BB9690F7C68AF95F9555E4EB /* Pods_GithubUsersStarsTests.framework */,
			);
			name = Frameworks;
			sourceTree = "<group>";
		};
		588C4CF6236691200034CF0F = {
			isa = PBXGroup;
			children = (
				588C4D01236691200034CF0F /* GithubUsersStars */,
				588C4D18236691210034CF0F /* GithubUsersStarsTests */,
				588C4D00236691200034CF0F /* Products */,
				6378E909D698736FFACBB3F4 /* Pods */,
				314D17F6E8B982A331FBF8CA /* Frameworks */,
			);
			sourceTree = "<group>";
		};
		588C4D00236691200034CF0F /* Products */ = {
			isa = PBXGroup;
			children = (
				588C4CFF236691200034CF0F /* GithubUsersStars.app */,
				588C4D15236691210034CF0F /* GithubUsersStarsTests.xctest */,
			);
			name = Products;
			sourceTree = "<group>";
		};
		588C4D01236691200034CF0F /* GithubUsersStars */ = {
			isa = PBXGroup;
			children = (
				588C4D02236691200034CF0F /* AppDelegate.swift */,
				588C4D04236691200034CF0F /* SceneDelegate.swift */,
				588C4D3C236692C00034CF0F /* Model */,
				588C4D3B236692AD0034CF0F /* View */,
				588C4D2D236691DB0034CF0F /* StarredUsersScenes */,
				588C4D37236692420034CF0F /* Service */,
				588C4D402366931D0034CF0F /* Extensions */,
				588C4D0B236691200034CF0F /* Assets.xcassets */,
				588C4D10236691200034CF0F /* Info.plist */,
			);
			path = GithubUsersStars;
			sourceTree = "<group>";
		};
		588C4D18236691210034CF0F /* GithubUsersStarsTests */ = {
			isa = PBXGroup;
			children = (
				588C4D1B236691210034CF0F /* Info.plist */,
				58520FB82367BA8F00BCDB4C /* StarredUsersTableViewControllerSpecs.swift */,
			);
			path = GithubUsersStarsTests;
			sourceTree = "<group>";
		};
		588C4D2D236691DB0034CF0F /* StarredUsersScenes */ = {
			isa = PBXGroup;
			children = (
				588C4D27236691A00034CF0F /* StarredUsersTableViewController.swift */,
				588C4D2A236691D40034CF0F /* StarredUsersPresenter.swift */,
				588C4D2E236691FE0034CF0F /* StarredUsersInteractor.swift */,
				588C4D31236692140034CF0F /* StarredUsersWorker.swift */,
			);
			path = StarredUsersScenes;
			sourceTree = "<group>";
		};
		588C4D37236692420034CF0F /* Service */ = {
			isa = PBXGroup;
			children = (
				588C4D342366922D0034CF0F /* API.swift */,
				588C4D38236692530034CF0F /* Endpoint.swift */,
				589E3C0E2367C7A500AF0C06 /* Users.json */,
			);
			path = Service;
			sourceTree = "<group>";
		};
		588C4D3B236692AD0034CF0F /* View */ = {
			isa = PBXGroup;
			children = (
				588C4D0D236691200034CF0F /* LaunchScreen.storyboard */,
			);
			path = View;
			sourceTree = "<group>";
		};
		588C4D3C236692C00034CF0F /* Model */ = {
			isa = PBXGroup;
			children = (
				588C4D242366914A0034CF0F /* User.swift */,
			);
			path = Model;
			sourceTree = "<group>";
		};
		588C4D402366931D0034CF0F /* Extensions */ = {
			isa = PBXGroup;
			children = (
				588C4D3D236693170034CF0F /* UIImageView+Extension.swift */,
			);
			path = Extensions;
			sourceTree = "<group>";
		};
		6378E909D698736FFACBB3F4 /* Pods */ = {
			isa = PBXGroup;
			children = (
				BFAAEFB63B090B6CFD1A1DB9 /* Pods-GithubUsersStars.debug.xcconfig */,
				A36D7894C6C49FF8A9E29910 /* Pods-GithubUsersStars.release.xcconfig */,
				C13171FCF5F15BBD07B824E7 /* Pods-GithubUsersStarsTests.debug.xcconfig */,
				965E913D377F3CC910424CF6 /* Pods-GithubUsersStarsTests.release.xcconfig */,
			);
			name = Pods;
			sourceTree = "<group>";
		};
/* End PBXGroup section */

/* Begin PBXNativeTarget section */
		588C4CFE236691200034CF0F /* GithubUsersStars */ = {
			isa = PBXNativeTarget;
			buildConfigurationList = 588C4D1E236691210034CF0F /* Build configuration list for PBXNativeTarget "GithubUsersStars" */;
			buildPhases = (
				A25EF320568F153DD752AD20 /* [CP] Check Pods Manifest.lock */,
				588C4CFB236691200034CF0F /* Sources */,
				588C4CFC236691200034CF0F /* Frameworks */,
				588C4CFD236691200034CF0F /* Resources */,
			);
			buildRules = (
			);
			dependencies = (
			);
			name = GithubUsersStars;
			productName = GithubUsersStars;
			productReference = 588C4CFF236691200034CF0F /* GithubUsersStars.app */;
			productType = "com.apple.product-type.application";
		};
		588C4D14236691210034CF0F /* GithubUsersStarsTests */ = {
			isa = PBXNativeTarget;
			buildConfigurationList = 588C4D21236691210034CF0F /* Build configuration list for PBXNativeTarget "GithubUsersStarsTests" */;
			buildPhases = (
				AF602DE637571BC7B3759DA7 /* [CP] Check Pods Manifest.lock */,
				588C4D11236691210034CF0F /* Sources */,
				588C4D12236691210034CF0F /* Frameworks */,
				588C4D13236691210034CF0F /* Resources */,
				B9CCD6F7B5B458542135DCA3 /* [CP] Embed Pods Frameworks */,
			);
			buildRules = (
			);
			dependencies = (
				588C4D17236691210034CF0F /* PBXTargetDependency */,
			);
			name = GithubUsersStarsTests;
			productName = GithubUsersStarsTests;
			productReference = 588C4D15236691210034CF0F /* GithubUsersStarsTests.xctest */;
			productType = "com.apple.product-type.bundle.unit-test";
		};
/* End PBXNativeTarget section */

/* Begin PBXProject section */
		588C4CF7236691200034CF0F /* Project object */ = {
			isa = PBXProject;
			attributes = {
				LastSwiftUpdateCheck = 1110;
				LastUpgradeCheck = 1110;
				ORGANIZATIONNAME = israel3D;
				TargetAttributes = {
					588C4CFE236691200034CF0F = {
						CreatedOnToolsVersion = 11.1;
					};
					588C4D14236691210034CF0F = {
						CreatedOnToolsVersion = 11.1;
						TestTargetID = 588C4CFE236691200034CF0F;
					};
				};
			};
			buildConfigurationList = 588C4CFA236691200034CF0F /* Build configuration list for PBXProject "GithubUsersStars" */;
			compatibilityVersion = "Xcode 9.3";
			developmentRegion = en;
			hasScannedForEncodings = 0;
			knownRegions = (
				en,
				Base,
			);
			mainGroup = 588C4CF6236691200034CF0F;
			productRefGroup = 588C4D00236691200034CF0F /* Products */;
			projectDirPath = "";
			projectRoot = "";
			targets = (
				588C4CFE236691200034CF0F /* GithubUsersStars */,
				588C4D14236691210034CF0F /* GithubUsersStarsTests */,
			);
		};
/* End PBXProject section */

/* Begin PBXResourcesBuildPhase section */
		588C4CFD236691200034CF0F /* Resources */ = {
			isa = PBXResourcesBuildPhase;
			buildActionMask = 2147483647;
			files = (
				589E3C102367C86F00AF0C06 /* Users.json in Resources */,
				588C4D0F236691200034CF0F /* LaunchScreen.storyboard in Resources */,
				588C4D0C236691200034CF0F /* Assets.xcassets in Resources */,
			);
			runOnlyForDeploymentPostprocessing = 0;
		};
		588C4D13236691210034CF0F /* Resources */ = {
			isa = PBXResourcesBuildPhase;
			buildActionMask = 2147483647;
			files = (
				589E3C0F2367C7A500AF0C06 /* Users.json in Resources */,
			);
			runOnlyForDeploymentPostprocessing = 0;
		};
/* End PBXResourcesBuildPhase section */

/* Begin PBXShellScriptBuildPhase section */
		A25EF320568F153DD752AD20 /* [CP] Check Pods Manifest.lock */ = {
			isa = PBXShellScriptBuildPhase;
			buildActionMask = 2147483647;
			files = (
			);
			inputFileListPaths = (
			);
			inputPaths = (
				"${PODS_PODFILE_DIR_PATH}/Podfile.lock",
				"${PODS_ROOT}/Manifest.lock",
			);
			name = "[CP] Check Pods Manifest.lock";
			outputFileListPaths = (
			);
			outputPaths = (
				"$(DERIVED_FILE_DIR)/Pods-GithubUsersStars-checkManifestLockResult.txt",
			);
			runOnlyForDeploymentPostprocessing = 0;
			shellPath = /bin/sh;
			shellScript = "diff \"${PODS_PODFILE_DIR_PATH}/Podfile.lock\" \"${PODS_ROOT}/Manifest.lock\" > /dev/null\nif [ $? != 0 ] ; then\n    # print error to STDERR\n    echo \"error: The sandbox is not in sync with the Podfile.lock. Run 'pod install' or update your CocoaPods installation.\" >&2\n    exit 1\nfi\n# This output is used by Xcode 'outputs' to avoid re-running this script phase.\necho \"SUCCESS\" > \"${SCRIPT_OUTPUT_FILE_0}\"\n";
			showEnvVarsInLog = 0;
		};
		AF602DE637571BC7B3759DA7 /* [CP] Check Pods Manifest.lock */ = {
			isa = PBXShellScriptBuildPhase;
			buildActionMask = 2147483647;
			files = (
			);
			inputFileListPaths = (
			);
			inputPaths = (
				"${PODS_PODFILE_DIR_PATH}/Podfile.lock",
				"${PODS_ROOT}/Manifest.lock",
			);
			name = "[CP] Check Pods Manifest.lock";
			outputFileListPaths = (
			);
			outputPaths = (
				"$(DERIVED_FILE_DIR)/Pods-GithubUsersStarsTests-checkManifestLockResult.txt",
			);
			runOnlyForDeploymentPostprocessing = 0;
			shellPath = /bin/sh;
			shellScript = "diff \"${PODS_PODFILE_DIR_PATH}/Podfile.lock\" \"${PODS_ROOT}/Manifest.lock\" > /dev/null\nif [ $? != 0 ] ; then\n    # print error to STDERR\n    echo \"error: The sandbox is not in sync with the Podfile.lock. Run 'pod install' or update your CocoaPods installation.\" >&2\n    exit 1\nfi\n# This output is used by Xcode 'outputs' to avoid re-running this script phase.\necho \"SUCCESS\" > \"${SCRIPT_OUTPUT_FILE_0}\"\n";
			showEnvVarsInLog = 0;
		};
		B9CCD6F7B5B458542135DCA3 /* [CP] Embed Pods Frameworks */ = {
			isa = PBXShellScriptBuildPhase;
			buildActionMask = 2147483647;
			files = (
			);
			inputFileListPaths = (
			);
			inputPaths = (
				"${SRCROOT}/Pods/Target Support Files/Pods-GithubUsersStarsTests/Pods-GithubUsersStarsTests-frameworks.sh",
				"${BUILT_PRODUCTS_DIR}/Nimble/Nimble.framework",
				"${BUILT_PRODUCTS_DIR}/Nimble-Snapshots/Nimble_Snapshots.framework",
				"${BUILT_PRODUCTS_DIR}/Quick/Quick.framework",
				"${BUILT_PRODUCTS_DIR}/iOSSnapshotTestCase/FBSnapshotTestCase.framework",
			);
			name = "[CP] Embed Pods Frameworks";
			outputFileListPaths = (
			);
			outputPaths = (
				"${TARGET_BUILD_DIR}/${FRAMEWORKS_FOLDER_PATH}/Nimble.framework",
				"${TARGET_BUILD_DIR}/${FRAMEWORKS_FOLDER_PATH}/Nimble_Snapshots.framework",
				"${TARGET_BUILD_DIR}/${FRAMEWORKS_FOLDER_PATH}/Quick.framework",
				"${TARGET_BUILD_DIR}/${FRAMEWORKS_FOLDER_PATH}/FBSnapshotTestCase.framework",
			);
			runOnlyForDeploymentPostprocessing = 0;
			shellPath = /bin/sh;
			shellScript = "\"${SRCROOT}/Pods/Target Support Files/Pods-GithubUsersStarsTests/Pods-GithubUsersStarsTests-frameworks.sh\"\n";
			showEnvVarsInLog = 0;
		};
/* End PBXShellScriptBuildPhase section */

/* Begin PBXSourcesBuildPhase section */
		588C4CFB236691200034CF0F /* Sources */ = {
			isa = PBXSourcesBuildPhase;
			buildActionMask = 2147483647;
			files = (
				588C4D3E236693170034CF0F /* UIImageView+Extension.swift in Sources */,
				588C4D252366914A0034CF0F /* User.swift in Sources */,
				588C4D2B236691D40034CF0F /* StarredUsersPresenter.swift in Sources */,
				588C4D28236691A00034CF0F /* StarredUsersTableViewController.swift in Sources */,
				588C4D39236692530034CF0F /* Endpoint.swift in Sources */,
				588C4D32236692140034CF0F /* StarredUsersWorker.swift in Sources */,
				588C4D03236691200034CF0F /* AppDelegate.swift in Sources */,
				588C4D05236691200034CF0F /* SceneDelegate.swift in Sources */,
				588C4D352366922D0034CF0F /* API.swift in Sources */,
				588C4D2F236691FE0034CF0F /* StarredUsersInteractor.swift in Sources */,
			);
			runOnlyForDeploymentPostprocessing = 0;
		};
		588C4D11236691210034CF0F /* Sources */ = {
			isa = PBXSourcesBuildPhase;
			buildActionMask = 2147483647;
			files = (
				58520FB92367BA8F00BCDB4C /* StarredUsersTableViewControllerSpecs.swift in Sources */,
			);
			runOnlyForDeploymentPostprocessing = 0;
		};
/* End PBXSourcesBuildPhase section */

/* Begin PBXTargetDependency section */
		588C4D17236691210034CF0F /* PBXTargetDependency */ = {
			isa = PBXTargetDependency;
			target = 588C4CFE236691200034CF0F /* GithubUsersStars */;
			targetProxy = 588C4D16236691210034CF0F /* PBXContainerItemProxy */;
		};
/* End PBXTargetDependency section */

/* Begin PBXVariantGroup section */
		588C4D0D236691200034CF0F /* LaunchScreen.storyboard */ = {
			isa = PBXVariantGroup;
			children = (
				588C4D0E236691200034CF0F /* Base */,
			);
			name = LaunchScreen.storyboard;
			sourceTree = "<group>";
		};
/* End PBXVariantGroup section */

/* Begin XCBuildConfiguration section */
		588C4D1C236691210034CF0F /* Debug */ = {
			isa = XCBuildConfiguration;
			buildSettings = {
				ALWAYS_SEARCH_USER_PATHS = NO;
				CLANG_ANALYZER_NONNULL = YES;
				CLANG_ANALYZER_NUMBER_OBJECT_CONVERSION = YES_AGGRESSIVE;
				CLANG_CXX_LANGUAGE_STANDARD = "gnu++14";
				CLANG_CXX_LIBRARY = "libc++";
				CLANG_ENABLE_MODULES = YES;
				CLANG_ENABLE_OBJC_ARC = YES;
				CLANG_ENABLE_OBJC_WEAK = YES;
				CLANG_WARN_BLOCK_CAPTURE_AUTORELEASING = YES;
				CLANG_WARN_BOOL_CONVERSION = YES;
				CLANG_WARN_COMMA = YES;
				CLANG_WARN_CONSTANT_CONVERSION = YES;
				CLANG_WARN_DEPRECATED_OBJC_IMPLEMENTATIONS = YES;
				CLANG_WARN_DIRECT_OBJC_ISA_USAGE = YES_ERROR;
				CLANG_WARN_DOCUMENTATION_COMMENTS = YES;
				CLANG_WARN_EMPTY_BODY = YES;
				CLANG_WARN_ENUM_CONVERSION = YES;
				CLANG_WARN_INFINITE_RECURSION = YES;
				CLANG_WARN_INT_CONVERSION = YES;
				CLANG_WARN_NON_LITERAL_NULL_CONVERSION = YES;
				CLANG_WARN_OBJC_IMPLICIT_RETAIN_SELF = YES;
				CLANG_WARN_OBJC_LITERAL_CONVERSION = YES;
				CLANG_WARN_OBJC_ROOT_CLASS = YES_ERROR;
				CLANG_WARN_RANGE_LOOP_ANALYSIS = YES;
				CLANG_WARN_STRICT_PROTOTYPES = YES;
				CLANG_WARN_SUSPICIOUS_MOVE = YES;
				CLANG_WARN_UNGUARDED_AVAILABILITY = YES_AGGRESSIVE;
				CLANG_WARN_UNREACHABLE_CODE = YES;
				CLANG_WARN__DUPLICATE_METHOD_MATCH = YES;
				COPY_PHASE_STRIP = NO;
				DEBUG_INFORMATION_FORMAT = dwarf;
				ENABLE_STRICT_OBJC_MSGSEND = YES;
				ENABLE_TESTABILITY = YES;
				GCC_C_LANGUAGE_STANDARD = gnu11;
				GCC_DYNAMIC_NO_PIC = NO;
				GCC_NO_COMMON_BLOCKS = YES;
				GCC_OPTIMIZATION_LEVEL = 0;
				GCC_PREPROCESSOR_DEFINITIONS = (
					"DEBUG=1",
					"$(inherited)",
				);
				GCC_WARN_64_TO_32_BIT_CONVERSION = YES;
				GCC_WARN_ABOUT_RETURN_TYPE = YES_ERROR;
				GCC_WARN_UNDECLARED_SELECTOR = YES;
				GCC_WARN_UNINITIALIZED_AUTOS = YES_AGGRESSIVE;
				GCC_WARN_UNUSED_FUNCTION = YES;
				GCC_WARN_UNUSED_VARIABLE = YES;
				IPHONEOS_DEPLOYMENT_TARGET = 13.1;
				MTL_ENABLE_DEBUG_INFO = INCLUDE_SOURCE;
				MTL_FAST_MATH = YES;
				ONLY_ACTIVE_ARCH = YES;
				SDKROOT = iphoneos;
				SWIFT_ACTIVE_COMPILATION_CONDITIONS = DEBUG;
				SWIFT_OPTIMIZATION_LEVEL = "-Onone";
			};
			name = Debug;
		};
		588C4D1D236691210034CF0F /* Release */ = {
			isa = XCBuildConfiguration;
			buildSettings = {
				ALWAYS_SEARCH_USER_PATHS = NO;
				CLANG_ANALYZER_NONNULL = YES;
				CLANG_ANALYZER_NUMBER_OBJECT_CONVERSION = YES_AGGRESSIVE;
				CLANG_CXX_LANGUAGE_STANDARD = "gnu++14";
				CLANG_CXX_LIBRARY = "libc++";
				CLANG_ENABLE_MODULES = YES;
				CLANG_ENABLE_OBJC_ARC = YES;
				CLANG_ENABLE_OBJC_WEAK = YES;
				CLANG_WARN_BLOCK_CAPTURE_AUTORELEASING = YES;
				CLANG_WARN_BOOL_CONVERSION = YES;
				CLANG_WARN_COMMA = YES;
				CLANG_WARN_CONSTANT_CONVERSION = YES;
				CLANG_WARN_DEPRECATED_OBJC_IMPLEMENTATIONS = YES;
				CLANG_WARN_DIRECT_OBJC_ISA_USAGE = YES_ERROR;
				CLANG_WARN_DOCUMENTATION_COMMENTS = YES;
				CLANG_WARN_EMPTY_BODY = YES;
				CLANG_WARN_ENUM_CONVERSION = YES;
				CLANG_WARN_INFINITE_RECURSION = YES;
				CLANG_WARN_INT_CONVERSION = YES;
				CLANG_WARN_NON_LITERAL_NULL_CONVERSION = YES;
				CLANG_WARN_OBJC_IMPLICIT_RETAIN_SELF = YES;
				CLANG_WARN_OBJC_LITERAL_CONVERSION = YES;
				CLANG_WARN_OBJC_ROOT_CLASS = YES_ERROR;
				CLANG_WARN_RANGE_LOOP_ANALYSIS = YES;
				CLANG_WARN_STRICT_PROTOTYPES = YES;
				CLANG_WARN_SUSPICIOUS_MOVE = YES;
				CLANG_WARN_UNGUARDED_AVAILABILITY = YES_AGGRESSIVE;
				CLANG_WARN_UNREACHABLE_CODE = YES;
				CLANG_WARN__DUPLICATE_METHOD_MATCH = YES;
				COPY_PHASE_STRIP = NO;
				DEBUG_INFORMATION_FORMAT = "dwarf-with-dsym";
				ENABLE_NS_ASSERTIONS = NO;
				ENABLE_STRICT_OBJC_MSGSEND = YES;
				GCC_C_LANGUAGE_STANDARD = gnu11;
				GCC_NO_COMMON_BLOCKS = YES;
				GCC_WARN_64_TO_32_BIT_CONVERSION = YES;
				GCC_WARN_ABOUT_RETURN_TYPE = YES_ERROR;
				GCC_WARN_UNDECLARED_SELECTOR = YES;
				GCC_WARN_UNINITIALIZED_AUTOS = YES_AGGRESSIVE;
				GCC_WARN_UNUSED_FUNCTION = YES;
				GCC_WARN_UNUSED_VARIABLE = YES;
				IPHONEOS_DEPLOYMENT_TARGET = 13.1;
				MTL_ENABLE_DEBUG_INFO = NO;
				MTL_FAST_MATH = YES;
				SDKROOT = iphoneos;
				SWIFT_COMPILATION_MODE = wholemodule;
				SWIFT_OPTIMIZATION_LEVEL = "-O";
				VALIDATE_PRODUCT = YES;
			};
			name = Release;
		};
		588C4D1F236691210034CF0F /* Debug */ = {
			isa = XCBuildConfiguration;
			baseConfigurationReference = BFAAEFB63B090B6CFD1A1DB9 /* Pods-GithubUsersStars.debug.xcconfig */;
			buildSettings = {
				ASSETCATALOG_COMPILER_APPICON_NAME = AppIcon;
				CODE_SIGN_STYLE = Automatic;
				DEVELOPMENT_TEAM = FPH78JW9WA;
				INFOPLIST_FILE = GithubUsersStars/Info.plist;
				LD_RUNPATH_SEARCH_PATHS = (
					"$(inherited)",
					"@executable_path/Frameworks",
				);
				PRODUCT_BUNDLE_IDENTIFIER = com.israel3D.GithubUsersStars;
				PRODUCT_NAME = "$(TARGET_NAME)";
				SWIFT_VERSION = 5.0;
				TARGETED_DEVICE_FAMILY = 1;
			};
			name = Debug;
		};
		588C4D20236691210034CF0F /* Release */ = {
			isa = XCBuildConfiguration;
			baseConfigurationReference = A36D7894C6C49FF8A9E29910 /* Pods-GithubUsersStars.release.xcconfig */;
			buildSettings = {
				ASSETCATALOG_COMPILER_APPICON_NAME = AppIcon;
				CODE_SIGN_STYLE = Automatic;
				DEVELOPMENT_TEAM = FPH78JW9WA;
				INFOPLIST_FILE = GithubUsersStars/Info.plist;
				LD_RUNPATH_SEARCH_PATHS = (
					"$(inherited)",
					"@executable_path/Frameworks",
				);
				PRODUCT_BUNDLE_IDENTIFIER = com.israel3D.GithubUsersStars;
				PRODUCT_NAME = "$(TARGET_NAME)";
				SWIFT_VERSION = 5.0;
				TARGETED_DEVICE_FAMILY = 1;
			};
			name = Release;
		};
		588C4D22236691210034CF0F /* Debug */ = {
			isa = XCBuildConfiguration;
			baseConfigurationReference = C13171FCF5F15BBD07B824E7 /* Pods-GithubUsersStarsTests.debug.xcconfig */;
			buildSettings = {
				ALWAYS_EMBED_SWIFT_STANDARD_LIBRARIES = YES;
				BUNDLE_LOADER = "$(TEST_HOST)";
				CODE_SIGN_STYLE = Automatic;
				DEVELOPMENT_TEAM = FPH78JW9WA;
				INFOPLIST_FILE = GithubUsersStarsTests/Info.plist;
				IPHONEOS_DEPLOYMENT_TARGET = 13.1;
				LD_RUNPATH_SEARCH_PATHS = (
					"$(inherited)",
					"@executable_path/Frameworks",
					"@loader_path/Frameworks",
				);
				PRODUCT_BUNDLE_IDENTIFIER = com.israel3D.GithubUsersStarsTests;
				PRODUCT_NAME = "$(TARGET_NAME)";
				SWIFT_VERSION = 5.0;
				TARGETED_DEVICE_FAMILY = "1,2";
				TEST_HOST = "$(BUILT_PRODUCTS_DIR)/GithubUsersStars.app/GithubUsersStars";
			};
			name = Debug;
		};
		588C4D23236691210034CF0F /* Release */ = {
			isa = XCBuildConfiguration;
			baseConfigurationReference = 965E913D377F3CC910424CF6 /* Pods-GithubUsersStarsTests.release.xcconfig */;
			buildSettings = {
				ALWAYS_EMBED_SWIFT_STANDARD_LIBRARIES = YES;
				BUNDLE_LOADER = "$(TEST_HOST)";
				CODE_SIGN_STYLE = Automatic;
				DEVELOPMENT_TEAM = FPH78JW9WA;
				INFOPLIST_FILE = GithubUsersStarsTests/Info.plist;
				IPHONEOS_DEPLOYMENT_TARGET = 13.1;
				LD_RUNPATH_SEARCH_PATHS = (
					"$(inherited)",
					"@executable_path/Frameworks",
					"@loader_path/Frameworks",
				);
				PRODUCT_BUNDLE_IDENTIFIER = com.israel3D.GithubUsersStarsTests;
				PRODUCT_NAME = "$(TARGET_NAME)";
				SWIFT_VERSION = 5.0;
				TARGETED_DEVICE_FAMILY = "1,2";
				TEST_HOST = "$(BUILT_PRODUCTS_DIR)/GithubUsersStars.app/GithubUsersStars";
			};
			name = Release;
		};
/* End XCBuildConfiguration section */

/* Begin XCConfigurationList section */
		588C4CFA236691200034CF0F /* Build configuration list for PBXProject "GithubUsersStars" */ = {
			isa = XCConfigurationList;
			buildConfigurations = (
				588C4D1C236691210034CF0F /* Debug */,
				588C4D1D236691210034CF0F /* Release */,
			);
			defaultConfigurationIsVisible = 0;
			defaultConfigurationName = Release;
		};
		588C4D1E236691210034CF0F /* Build configuration list for PBXNativeTarget "GithubUsersStars" */ = {
			isa = XCConfigurationList;
			buildConfigurations = (
				588C4D1F236691210034CF0F /* Debug */,
				588C4D20236691210034CF0F /* Release */,
			);
			defaultConfigurationIsVisible = 0;
			defaultConfigurationName = Release;
		};
		588C4D21236691210034CF0F /* Build configuration list for PBXNativeTarget "GithubUsersStarsTests" */ = {
			isa = XCConfigurationList;
			buildConfigurations = (
				588C4D22236691210034CF0F /* Debug */,
				588C4D23236691210034CF0F /* Release */,
			);
			defaultConfigurationIsVisible = 0;
			defaultConfigurationName = Release;
		};
/* End XCConfigurationList section */
	};
	rootObject = 588C4CF7236691200034CF0F /* Project object */;
}
